
Microsoft Visual Studio Solution File, Format Version 12.00
# Visual Studio Version 17
VisualStudioVersion = 17.5.33502.453
MinimumVisualStudioVersion = 10.0.40219.1
Project("{FAE04EC0-301F-11D3-BF4B-00C04F79EFBC}") = "SeleniumFramework", "SeleniumFramework\SeleniumFramework.csproj", "{6837401D-4FD1-4FFD-B9CF-D6B28D1BB392}"
EndProject
Project("{FAE04EC0-301F-11D3-BF4B-00C04F79EFBC}") = "SeleniumTests", "SeleniumTests\SeleniumTests.csproj", "{26A14E47-7A57-4ACA-B6EF-F75AF10499DF}"
EndProject
Global
	GlobalSection(SolutionConfigurationPlatforms) = preSolution
		Debug|Any CPU = Debug|Any CPU
		Release|Any CPU = Release|Any CPU
	EndGlobalSection
	GlobalSection(ProjectConfigurationPlatforms) = postSolution
		{6837401D-4FD1-4FFD-B9CF-D6B28D1BB392}.Debug|Any CPU.ActiveCfg = Debug|Any CPU
		{6837401D-4FD1-4FFD-B9CF-D6B28D1BB392}.Debug|Any CPU.Build.0 = Debug|Any CPU
		{6837401D-4FD1-4FFD-B9CF-D6B28D1BB392}.Release|Any CPU.ActiveCfg = Release|Any CPU
		{6837401D-4FD1-4FFD-B9CF-D6B28D1BB392}.Release|Any CPU.Build.0 = Release|Any CPU
		{26A14E47-7A57-4ACA-B6EF-F75AF10499DF}.Debug|Any CPU.ActiveCfg = Debug|Any CPU
		{26A14E47-7A57-4ACA-B6EF-F75AF10499DF}.Debug|Any CPU.Build.0 = Debug|Any CPU
		{26A14E47-7A57-4ACA-B6EF-F75AF10499DF}.Release|Any CPU.ActiveCfg = Release|Any CPU
		{26A14E47-7A57-4ACA-B6EF-F75AF10499DF}.Release|Any CPU.Build.0 = Release|Any CPU
	EndGlobalSection
	GlobalSection(SolutionProperties) = preSolution
		HideSolutionNode = FALSE
	EndGlobalSection
	GlobalSection(ExtensibilityGlobals) = postSolution
		SolutionGuid = {EC9844C2-16A4-4FDB-93A7-59B4B5836BF5}
	EndGlobalSection
EndGlobal
